github.com/StackExchange/wmi v0.0.0-20190523213315-cbe66965904d h1:G0m3OIz70MZUWq3EgK3CesDbo8upS2Vm9/P3FtgI+Jk=
github.com/StackExchange/wmi v0.0.0-20190523213315-cbe66965904d/go.mod h1:3eOhrUMpNV+6aFIbp5/iudMxNCF27Vw2OZgy4xEx0Fg=
github.com/go-ole/go-ole v1.2.4 h1:nNBDSCOigTSiarFpYE9J/KtEA1IOW4CNeqT9TQDqCxI=
github.com/go-ole/go-ole v1.2.4/go.mod h1:XCwSNxSkXRo4vlyPy93sltvi/qJq0jqQhjqQNIwKuxM=
github.com/golang/glog v0.0.0-20160126235308-23def4e6c14b/go.mod h1:SBH7ygxi8pfUlaOkMMuAQtPIUF8ecWP5IEl/CR7VP2Q=
github.com/ikascrew/core v0.0.0-20200301084041-8c61a4473c41 h1:jI4RKTwm+YiL5OL/TxVYU92otk3a4eMoV1vaGzjrqJE=
github.com/ikascrew/core v0.0.0-20200301084041-8c61a4473c41/go.mod h1:mVzlUFAOYjb3241YvVGaMiphFBzfG80ZzD+iIIOg+zg=
github.com/ikascrew/core v0.0.0-20200302101922-1830d0e97eb7 h1:QT4bT1qgrOMPe+BlWeZV/6MqZgYE1xRYkiPYFdYhp50=
github.com/ikascrew/core v0.0.0-20200302101922-1830d0e97eb7/go.mod h1:mVzlUFAOYjb3241YvVGaMiphFBzfG80ZzD+iIIOg+zg=
github.com/ikascrew/go-opencv v0.0.0-20171108105817-beed5ac470ba/go.mod h1:cF4n6oYOEmUbHpACHZ13LkVCyOE30xU48yf80hHmsYc=
github.com/ikascrew/ikascrew v0.0.0-20170821023227-0c3f5d5cfc00/go.mod h1:0GztyaHDEiKNdYYLzZV4wbBZvwSo3yNWi5pwLISFkWM=
github.com/ikascrew/plugin v0.0.0-20200301081756-926044e825a1/go.mod h1:V97GDF/LxGNbDdsX2tWj9naDYFAXhNocE2RYouUAh8M=
github.com/ikascrew/powermate v0.0.0-20170724041315-7b09f8e1cf88/go.mod h1:U8x+U/5XgLIE4R7F+EsxTw/VlMIwEVvWVBgffnqjcL0=
github.com/mattn/go-runewidth v0.0.8/go.mod h1:H031xJmbD/WCDINGzjvQ9THkh0rPKHF+m2gUSrubnMI=
github.com/nfnt/resize v0.0.0-20180221191011-83c6a9932646/go.mod h1:jpp1/29i3P1S/RLdc7JQKbRpFeM1dOBd8T9ki5s+AY8=
github.com/shirou/gopsutil v2.20.2+incompatible h1:ucK79BhBpgqQxPASyS2cu9HX8cfDVljBN1WWFvbNvgY=
github.com/shirou/gopsutil v2.20.2+incompatible/go.mod h1:5b4v6he4MtMOwMlS0TUMTu2PcXUg8+E1lC7eC3UO/RA=
gocv.io/x/gocv v0.22.0 h1:pv+tcjcoW/xsaM/nfrzMK5PEEHYe2ND/LQRoyBpgjsg=
gocv.io/x/gocv v0.22.0/go.mod h1:7Ju5KbPo+R85evmlhhKPVMwXtgDRNX/PtfVfbToSrLU=
golang.org/x/sys v0.0.0-20200301040627-c5d0d7b4ec88 h1:LNVdAhESTW4gWDhYvciNcGoS9CEcxRiUKE9kSgw+X3s=
golang.org/x/sys v0.0.0-20200301040627-c5d0d7b4ec88/go.mod h1:h1NjWce9XRLGQEsW7wpKNCjG9DtNlClVuFLEZdDNbEs=
gopkg.in/cheggaaa/pb.v1 v1.0.28/go.mod h1:V/YB90LKu/1FcN3WVnfiiE5oMCibMjukxqG/qStrOgw=
